// !$*UTF8*$!
{
	archiveVersion = 1;
	classes = {
	};
	objectVersion = 50;
	objects = {

/* Begin PBXBuildFile section */
		1125654726DC694B008696AD /* SaveViewController.swift in Sources */ = {isa = PBXBuildFile; fileRef = 1125654626DC694B008696AD /* SaveViewController.swift */; };
		1125654A26DC698D008696AD /* WeatherViewController.swift in Sources */ = {isa = PBXBuildFile; fileRef = 1125654926DC698D008696AD /* WeatherViewController.swift */; };
		1125655026DC6D85008696AD /* PersistentStorage.swift in Sources */ = {isa = PBXBuildFile; fileRef = 1125654F26DC6D85008696AD /* PersistentStorage.swift */; };
		1125656226DC7FB9008696AD /* WeatherNetWork.swift in Sources */ = {isa = PBXBuildFile; fileRef = 1125656126DC7FB9008696AD /* WeatherNetWork.swift */; };
		1125656526DC7FD1008696AD /* WeatherAPIService.swift in Sources */ = {isa = PBXBuildFile; fileRef = 1125656426DC7FD1008696AD /* WeatherAPIService.swift */; };
		1125656B26DC7FFA008696AD /* Covid19Network.swift in Sources */ = {isa = PBXBuildFile; fileRef = 1125656A26DC7FFA008696AD /* Covid19Network.swift */; };
		1125657126DC801F008696AD /* Covid19APIService.swift in Sources */ = {isa = PBXBuildFile; fileRef = 1125657026DC801F008696AD /* Covid19APIService.swift */; };
		1125657526DC8338008696AD /* CurrentWeather.swift in Sources */ = {isa = PBXBuildFile; fileRef = 1125657426DC8338008696AD /* CurrentWeather.swift */; };
		1125657926DC842A008696AD /* Weather.swift in Sources */ = {isa = PBXBuildFile; fileRef = 1125657826DC842A008696AD /* Weather.swift */; };
		1125657C26DC8496008696AD /* MainWeather.swift in Sources */ = {isa = PBXBuildFile; fileRef = 1125657B26DC8496008696AD /* MainWeather.swift */; };
		1125657F26DC84B1008696AD /* WindWeather.swift in Sources */ = {isa = PBXBuildFile; fileRef = 1125657E26DC84B1008696AD /* WindWeather.swift */; };
		1125658526DC8589008696AD /* ErrorNetwork.swift in Sources */ = {isa = PBXBuildFile; fileRef = 1125658426DC8589008696AD /* ErrorNetwork.swift */; };
		1125658926DC8915008696AD /* SevenDaysWeather.swift in Sources */ = {isa = PBXBuildFile; fileRef = 1125658826DC8915008696AD /* SevenDaysWeather.swift */; };
		1125658C26DC8A50008696AD /* Data7DaysWeather.swift in Sources */ = {isa = PBXBuildFile; fileRef = 1125658B26DC8A50008696AD /* Data7DaysWeather.swift */; };
		1125659126DC8CD2008696AD /* DataDetailWeather.swift in Sources */ = {isa = PBXBuildFile; fileRef = 1125659026DC8CD2008696AD /* DataDetailWeather.swift */; };
		1125659526DC8CF1008696AD /* DetailWeather.swift in Sources */ = {isa = PBXBuildFile; fileRef = 1125659426DC8CF1008696AD /* DetailWeather.swift */; };
		1125659926DC908A008696AD /* CityWorld.swift in Sources */ = {isa = PBXBuildFile; fileRef = 1125659826DC908A008696AD /* CityWorld.swift */; };
		1125659D26DC90B9008696AD /* ReadDateCityFromFileCSV.swift in Sources */ = {isa = PBXBuildFile; fileRef = 1125659C26DC90B9008696AD /* ReadDateCityFromFileCSV.swift */; };
		112565A026DC9169008696AD /* city.csv in Resources */ = {isa = PBXBuildFile; fileRef = 1125659F26DC9169008696AD /* city.csv */; };
		112565A526DC926C008696AD /* Country.swift in Sources */ = {isa = PBXBuildFile; fileRef = 112565A426DC926C008696AD /* Country.swift */; };
		112565A926DC92B5008696AD /* CountryCovid.swift in Sources */ = {isa = PBXBuildFile; fileRef = 112565A826DC92B5008696AD /* CountryCovid.swift */; };
		112565AE26DC92FC008696AD /* Global.swift in Sources */ = {isa = PBXBuildFile; fileRef = 112565AD26DC92FC008696AD /* Global.swift */; };
		112565B126DC931C008696AD /* GlobalCovid.swift in Sources */ = {isa = PBXBuildFile; fileRef = 112565B026DC931C008696AD /* GlobalCovid.swift */; };
		112565B826DCDD13008696AD /* Key.csv in Resources */ = {isa = PBXBuildFile; fileRef = 112565B726DCDD13008696AD /* Key.csv */; };
		112565BC26DCDE32008696AD /* ReadAPIKey.swift in Sources */ = {isa = PBXBuildFile; fileRef = 112565BB26DCDE32008696AD /* ReadAPIKey.swift */; };
		112565C126DCE06B008696AD /* APIKey.swift in Sources */ = {isa = PBXBuildFile; fileRef = 112565C026DCE06B008696AD /* APIKey.swift */; };
		114AFA0026E7071A005A983F /* Extension+UIViewController.swift in Sources */ = {isa = PBXBuildFile; fileRef = 114AF9FF26E7071A005A983F /* Extension+UIViewController.swift */; };
		114AFA3C26E74E7D005A983F /* SettingTemp.swift in Sources */ = {isa = PBXBuildFile; fileRef = 114AFA3B26E74E7D005A983F /* SettingTemp.swift */; };
		114D854726D8D5C400BAA29F /* AppDelegate.swift in Sources */ = {isa = PBXBuildFile; fileRef = 114D854626D8D5C400BAA29F /* AppDelegate.swift */; };
		114D854926D8D5C400BAA29F /* SceneDelegate.swift in Sources */ = {isa = PBXBuildFile; fileRef = 114D854826D8D5C400BAA29F /* SceneDelegate.swift */; };
		114D854B26D8D5C400BAA29F /* Covid19ViewController.swift in Sources */ = {isa = PBXBuildFile; fileRef = 114D854A26D8D5C400BAA29F /* Covid19ViewController.swift */; };
		114D854E26D8D5C400BAA29F /* Main.storyboard in Resources */ = {isa = PBXBuildFile; fileRef = 114D854C26D8D5C400BAA29F /* Main.storyboard */; };
		114D855126D8D5C400BAA29F /* NTC_Weather_Forecast_COVID_19.xcdatamodeld in Sources */ = {isa = PBXBuildFile; fileRef = 114D854F26D8D5C400BAA29F /* NTC_Weather_Forecast_COVID_19.xcdatamodeld */; };
		114D855326D8D5C700BAA29F /* Assets.xcassets in Resources */ = {isa = PBXBuildFile; fileRef = 114D855226D8D5C700BAA29F /* Assets.xcassets */; };
		114D855626D8D5C700BAA29F /* LaunchScreen.storyboard in Resources */ = {isa = PBXBuildFile; fileRef = 114D855426D8D5C700BAA29F /* LaunchScreen.storyboard */; };
		115AF59626DDE78C007B3AF3 /* Covid19APIService+getListCountry.swift in Sources */ = {isa = PBXBuildFile; fileRef = 115AF59526DDE78C007B3AF3 /* Covid19APIService+getListCountry.swift */; };
		115AF59A26DDE876007B3AF3 /* Covid19APIService+getgetGlobalCovid.swift in Sources */ = {isa = PBXBuildFile; fileRef = 115AF59926DDE876007B3AF3 /* Covid19APIService+getgetGlobalCovid.swift */; };
		115AF59E26DDE967007B3AF3 /* Covid19APIService+getCountryCovid.swift in Sources */ = {isa = PBXBuildFile; fileRef = 115AF59D26DDE967007B3AF3 /* Covid19APIService+getCountryCovid.swift */; };
		115AF5A526DDF002007B3AF3 /* WeatherAPIService+getCurrentWeatherByLocate.swift in Sources */ = {isa = PBXBuildFile; fileRef = 115AF5A426DDF002007B3AF3 /* WeatherAPIService+getCurrentWeatherByLocate.swift */; };
		115AF5A926DDF039007B3AF3 /* WeatherAPIService+get7DaysWeather.swift in Sources */ = {isa = PBXBuildFile; fileRef = 115AF5A826DDF039007B3AF3 /* WeatherAPIService+get7DaysWeather.swift */; };
		115AF5AC26DDF0D9007B3AF3 /* WeatherAPIService+getDetailWeather.swift in Sources */ = {isa = PBXBuildFile; fileRef = 115AF5AB26DDF0D9007B3AF3 /* WeatherAPIService+getDetailWeather.swift */; };
		115AF5B226DF1B73007B3AF3 /* SevenDaysWeatherTableViewCell.swift in Sources */ = {isa = PBXBuildFile; fileRef = 115AF5B126DF1B73007B3AF3 /* SevenDaysWeatherTableViewCell.swift */; };
		115AF5B826DF291E007B3AF3 /* Extension+UiImageView.swift in Sources */ = {isa = PBXBuildFile; fileRef = 115AF5B726DF291E007B3AF3 /* Extension+UiImageView.swift */; };
		115AF5BB26DF3346007B3AF3 /* SettingTempViewController.swift in Sources */ = {isa = PBXBuildFile; fileRef = 115AF5BA26DF3346007B3AF3 /* SettingTempViewController.swift */; };
		115AF5BE26DF3364007B3AF3 /* SearchCityViewController.swift in Sources */ = {isa = PBXBuildFile; fileRef = 115AF5BD26DF3364007B3AF3 /* SearchCityViewController.swift */; };
		115AF5C126DF344E007B3AF3 /* DetailWeatherViewController.swift in Sources */ = {isa = PBXBuildFile; fileRef = 115AF5C026DF344E007B3AF3 /* DetailWeatherViewController.swift */; };
		117AA8F526E0E34700CD9DD8 /* Extension+DateFormatter.swift in Sources */ = {isa = PBXBuildFile; fileRef = 117AA8F426E0E34700CD9DD8 /* Extension+DateFormatter.swift */; };
		117AA8F926E0EA2E00CD9DD8 /* Extension+UIAlertController.swift in Sources */ = {isa = PBXBuildFile; fileRef = 117AA8F826E0EA2E00CD9DD8 /* Extension+UIAlertController.swift */; };
		117AA8FC26E4D70200CD9DD8 /* ReusableView.swift in Sources */ = {isa = PBXBuildFile; fileRef = 117AA8FB26E4D70200CD9DD8 /* ReusableView.swift */; };
		117AA8FF26E4D7BD00CD9DD8 /* Extension+ReusableView.swift in Sources */ = {isa = PBXBuildFile; fileRef = 117AA8FE26E4D7BD00CD9DD8 /* Extension+ReusableView.swift */; };
		1191AE3A26EF264D001AD855 /* SaveWeatherTableViewCell.swift in Sources */ = {isa = PBXBuildFile; fileRef = 1191AE3826EF264D001AD855 /* SaveWeatherTableViewCell.swift */; };
		1191AE3B26EF264D001AD855 /* SaveWeatherTableViewCell.xib in Resources */ = {isa = PBXBuildFile; fileRef = 1191AE3926EF264D001AD855 /* SaveWeatherTableViewCell.xib */; };
		1191AE3F26EF45A4001AD855 /* NotificationLocal.swift in Sources */ = {isa = PBXBuildFile; fileRef = 1191AE3E26EF45A4001AD855 /* NotificationLocal.swift */; };
		11B1B89826E8A02200B5B314 /* SettingTempTableViewCell.swift in Sources */ = {isa = PBXBuildFile; fileRef = 11B1B89626E8A02200B5B314 /* SettingTempTableViewCell.swift */; };
		11B1B89926E8A02200B5B314 /* SettingTempTableViewCell.xib in Resources */ = {isa = PBXBuildFile; fileRef = 11B1B89726E8A02200B5B314 /* SettingTempTableViewCell.xib */; };
		11B1B8D626E99C8C00B5B314 /* Extension+UILabel.swift in Sources */ = {isa = PBXBuildFile; fileRef = 11B1B8D526E99C8C00B5B314 /* Extension+UILabel.swift */; };
		11B1B8DC26E9A80100B5B314 /* DetailWeatherTableViewCell.swift in Sources */ = {isa = PBXBuildFile; fileRef = 11B1B8DA26E9A80100B5B314 /* DetailWeatherTableViewCell.swift */; };
		11B1B8DD26E9A80100B5B314 /* DetailWeatherTableViewCell.xib in Resources */ = {isa = PBXBuildFile; fileRef = 11B1B8DB26E9A80100B5B314 /* DetailWeatherTableViewCell.xib */; };
		11B1B8FE26E9F28E00B5B314 /* WeatherEntity.swift in Sources */ = {isa = PBXBuildFile; fileRef = 11B1B8FD26E9F28E00B5B314 /* WeatherEntity.swift */; };
		11B1B90226E9F62700B5B314 /* WeatherManager.swift in Sources */ = {isa = PBXBuildFile; fileRef = 11B1B90126E9F62700B5B314 /* WeatherManager.swift */; };
		11B1B90526E9F67800B5B314 /* WeatherRepository.swift in Sources */ = {isa = PBXBuildFile; fileRef = 11B1B90426E9F67800B5B314 /* WeatherRepository.swift */; };
		11B1B90A26E9FD8100B5B314 /* DataDetailWeatherCD+CoreDataClass.swift in Sources */ = {isa = PBXBuildFile; fileRef = 11B1B90826E9FD8100B5B314 /* DataDetailWeatherCD+CoreDataClass.swift */; };
		11B1B90B26E9FD8100B5B314 /* DataDetailWeatherCD+CoreDataProperties.swift in Sources */ = {isa = PBXBuildFile; fileRef = 11B1B90926E9FD8100B5B314 /* DataDetailWeatherCD+CoreDataProperties.swift */; };
/* End PBXBuildFile section */

/* Begin PBXFileReference section */
		1125654626DC694B008696AD /* SaveViewController.swift */ = {isa = PBXFileReference; lastKnownFileType = sourcecode.swift; path = SaveViewController.swift; sourceTree = "<group>"; };
		1125654926DC698D008696AD /* WeatherViewController.swift */ = {isa = PBXFileReference; lastKnownFileType = sourcecode.swift; path = WeatherViewController.swift; sourceTree = "<group>"; };
		1125654F26DC6D85008696AD /* PersistentStorage.swift */ = {isa = PBXFileReference; lastKnownFileType = sourcecode.swift; path = PersistentStorage.swift; sourceTree = "<group>"; };
		1125656126DC7FB9008696AD /* WeatherNetWork.swift */ = {isa = PBXFileReference; lastKnownFileType = sourcecode.swift; path = WeatherNetWork.swift; sourceTree = "<group>"; };
		1125656426DC7FD1008696AD /* WeatherAPIService.swift */ = {isa = PBXFileReference; lastKnownFileType = sourcecode.swift; path = WeatherAPIService.swift; sourceTree = "<group>"; };
		1125656A26DC7FFA008696AD /* Covid19Network.swift */ = {isa = PBXFileReference; lastKnownFileType = sourcecode.swift; path = Covid19Network.swift; sourceTree = "<group>"; };
		1125657026DC801F008696AD /* Covid19APIService.swift */ = {isa = PBXFileReference; lastKnownFileType = sourcecode.swift; path = Covid19APIService.swift; sourceTree = "<group>"; };
		1125657426DC8338008696AD /* CurrentWeather.swift */ = {isa = PBXFileReference; lastKnownFileType = sourcecode.swift; path = CurrentWeather.swift; sourceTree = "<group>"; };
		1125657826DC842A008696AD /* Weather.swift */ = {isa = PBXFileReference; lastKnownFileType = sourcecode.swift; path = Weather.swift; sourceTree = "<group>"; };
		1125657B26DC8496008696AD /* MainWeather.swift */ = {isa = PBXFileReference; lastKnownFileType = sourcecode.swift; path = MainWeather.swift; sourceTree = "<group>"; };
		1125657E26DC84B1008696AD /* WindWeather.swift */ = {isa = PBXFileReference; lastKnownFileType = sourcecode.swift; path = WindWeather.swift; sourceTree = "<group>"; };
		1125658426DC8589008696AD /* ErrorNetwork.swift */ = {isa = PBXFileReference; lastKnownFileType = sourcecode.swift; path = ErrorNetwork.swift; sourceTree = "<group>"; };
		1125658826DC8915008696AD /* SevenDaysWeather.swift */ = {isa = PBXFileReference; lastKnownFileType = sourcecode.swift; path = SevenDaysWeather.swift; sourceTree = "<group>"; };
		1125658B26DC8A50008696AD /* Data7DaysWeather.swift */ = {isa = PBXFileReference; lastKnownFileType = sourcecode.swift; path = Data7DaysWeather.swift; sourceTree = "<group>"; };
		1125659026DC8CD2008696AD /* DataDetailWeather.swift */ = {isa = PBXFileReference; lastKnownFileType = sourcecode.swift; path = DataDetailWeather.swift; sourceTree = "<group>"; };
		1125659426DC8CF1008696AD /* DetailWeather.swift */ = {isa = PBXFileReference; lastKnownFileType = sourcecode.swift; path = DetailWeather.swift; sourceTree = "<group>"; };
		1125659826DC908A008696AD /* CityWorld.swift */ = {isa = PBXFileReference; lastKnownFileType = sourcecode.swift; path = CityWorld.swift; sourceTree = "<group>"; };
		1125659C26DC90B9008696AD /* ReadDateCityFromFileCSV.swift */ = {isa = PBXFileReference; lastKnownFileType = sourcecode.swift; path = ReadDateCityFromFileCSV.swift; sourceTree = "<group>"; };
		1125659F26DC9169008696AD /* city.csv */ = {isa = PBXFileReference; fileEncoding = 4; lastKnownFileType = text; path = city.csv; sourceTree = "<group>"; };
		112565A426DC926C008696AD /* Country.swift */ = {isa = PBXFileReference; lastKnownFileType = sourcecode.swift; path = Country.swift; sourceTree = "<group>"; };
		112565A826DC92B5008696AD /* CountryCovid.swift */ = {isa = PBXFileReference; lastKnownFileType = sourcecode.swift; path = CountryCovid.swift; sourceTree = "<group>"; };
		112565AD26DC92FC008696AD /* Global.swift */ = {isa = PBXFileReference; lastKnownFileType = sourcecode.swift; path = Global.swift; sourceTree = "<group>"; };
		112565B026DC931C008696AD /* GlobalCovid.swift */ = {isa = PBXFileReference; lastKnownFileType = sourcecode.swift; path = GlobalCovid.swift; sourceTree = "<group>"; };
		112565B726DCDD13008696AD /* Key.csv */ = {isa = PBXFileReference; fileEncoding = 4; lastKnownFileType = text; path = Key.csv; sourceTree = "<group>"; };
		112565BB26DCDE32008696AD /* ReadAPIKey.swift */ = {isa = PBXFileReference; lastKnownFileType = sourcecode.swift; path = ReadAPIKey.swift; sourceTree = "<group>"; };
		112565C026DCE06B008696AD /* APIKey.swift */ = {isa = PBXFileReference; lastKnownFileType = sourcecode.swift; path = APIKey.swift; sourceTree = "<group>"; };
		114AF9FF26E7071A005A983F /* Extension+UIViewController.swift */ = {isa = PBXFileReference; lastKnownFileType = sourcecode.swift; path = "Extension+UIViewController.swift"; sourceTree = "<group>"; };
		114AFA3B26E74E7D005A983F /* SettingTemp.swift */ = {isa = PBXFileReference; lastKnownFileType = sourcecode.swift; path = SettingTemp.swift; sourceTree = "<group>"; };
		114D854326D8D5C400BAA29F /* NTC-Weather-Forecast-COVID-19.app */ = {isa = PBXFileReference; explicitFileType = wrapper.application; includeInIndex = 0; path = "NTC-Weather-Forecast-COVID-19.app"; sourceTree = BUILT_PRODUCTS_DIR; };
		114D854626D8D5C400BAA29F /* AppDelegate.swift */ = {isa = PBXFileReference; lastKnownFileType = sourcecode.swift; path = AppDelegate.swift; sourceTree = "<group>"; };
		114D854826D8D5C400BAA29F /* SceneDelegate.swift */ = {isa = PBXFileReference; lastKnownFileType = sourcecode.swift; path = SceneDelegate.swift; sourceTree = "<group>"; };
		114D854A26D8D5C400BAA29F /* Covid19ViewController.swift */ = {isa = PBXFileReference; lastKnownFileType = sourcecode.swift; path = Covid19ViewController.swift; sourceTree = "<group>"; };
		114D854D26D8D5C400BAA29F /* Base */ = {isa = PBXFileReference; lastKnownFileType = file.storyboard; name = Base; path = Base.lproj/Main.storyboard; sourceTree = "<group>"; };
		114D855026D8D5C400BAA29F /* NTC_Weather_Forecast_COVID_19.xcdatamodel */ = {isa = PBXFileReference; lastKnownFileType = wrapper.xcdatamodel; path = NTC_Weather_Forecast_COVID_19.xcdatamodel; sourceTree = "<group>"; };
		114D855226D8D5C700BAA29F /* Assets.xcassets */ = {isa = PBXFileReference; lastKnownFileType = folder.assetcatalog; path = Assets.xcassets; sourceTree = "<group>"; };
		114D855526D8D5C700BAA29F /* Base */ = {isa = PBXFileReference; lastKnownFileType = file.storyboard; name = Base; path = Base.lproj/LaunchScreen.storyboard; sourceTree = "<group>"; };
		114D855726D8D5C700BAA29F /* Info.plist */ = {isa = PBXFileReference; lastKnownFileType = text.plist.xml; path = Info.plist; sourceTree = "<group>"; };
		115AF59526DDE78C007B3AF3 /* Covid19APIService+getListCountry.swift */ = {isa = PBXFileReference; lastKnownFileType = sourcecode.swift; path = "Covid19APIService+getListCountry.swift"; sourceTree = "<group>"; };
		115AF59926DDE876007B3AF3 /* Covid19APIService+getgetGlobalCovid.swift */ = {isa = PBXFileReference; lastKnownFileType = sourcecode.swift; path = "Covid19APIService+getgetGlobalCovid.swift"; sourceTree = "<group>"; };
		115AF59D26DDE967007B3AF3 /* Covid19APIService+getCountryCovid.swift */ = {isa = PBXFileReference; lastKnownFileType = sourcecode.swift; path = "Covid19APIService+getCountryCovid.swift"; sourceTree = "<group>"; };
		115AF5A426DDF002007B3AF3 /* WeatherAPIService+getCurrentWeatherByLocate.swift */ = {isa = PBXFileReference; lastKnownFileType = sourcecode.swift; path = "WeatherAPIService+getCurrentWeatherByLocate.swift"; sourceTree = "<group>"; };
		115AF5A826DDF039007B3AF3 /* WeatherAPIService+get7DaysWeather.swift */ = {isa = PBXFileReference; lastKnownFileType = sourcecode.swift; path = "WeatherAPIService+get7DaysWeather.swift"; sourceTree = "<group>"; };
		115AF5AB26DDF0D9007B3AF3 /* WeatherAPIService+getDetailWeather.swift */ = {isa = PBXFileReference; lastKnownFileType = sourcecode.swift; path = "WeatherAPIService+getDetailWeather.swift"; sourceTree = "<group>"; };
		115AF5B126DF1B73007B3AF3 /* SevenDaysWeatherTableViewCell.swift */ = {isa = PBXFileReference; lastKnownFileType = sourcecode.swift; path = SevenDaysWeatherTableViewCell.swift; sourceTree = "<group>"; };
		115AF5B726DF291E007B3AF3 /* Extension+UiImageView.swift */ = {isa = PBXFileReference; lastKnownFileType = sourcecode.swift; path = "Extension+UiImageView.swift"; sourceTree = "<group>"; };
		115AF5BA26DF3346007B3AF3 /* SettingTempViewController.swift */ = {isa = PBXFileReference; lastKnownFileType = sourcecode.swift; path = SettingTempViewController.swift; sourceTree = "<group>"; };
		115AF5BD26DF3364007B3AF3 /* SearchCityViewController.swift */ = {isa = PBXFileReference; lastKnownFileType = sourcecode.swift; path = SearchCityViewController.swift; sourceTree = "<group>"; };
		115AF5C026DF344E007B3AF3 /* DetailWeatherViewController.swift */ = {isa = PBXFileReference; lastKnownFileType = sourcecode.swift; path = DetailWeatherViewController.swift; sourceTree = "<group>"; };
		117AA8F426E0E34700CD9DD8 /* Extension+DateFormatter.swift */ = {isa = PBXFileReference; lastKnownFileType = sourcecode.swift; path = "Extension+DateFormatter.swift"; sourceTree = "<group>"; };
		117AA8F826E0EA2E00CD9DD8 /* Extension+UIAlertController.swift */ = {isa = PBXFileReference; lastKnownFileType = sourcecode.swift; path = "Extension+UIAlertController.swift"; sourceTree = "<group>"; };
		117AA8FB26E4D70200CD9DD8 /* ReusableView.swift */ = {isa = PBXFileReference; lastKnownFileType = sourcecode.swift; path = ReusableView.swift; sourceTree = "<group>"; };
		117AA8FE26E4D7BD00CD9DD8 /* Extension+ReusableView.swift */ = {isa = PBXFileReference; lastKnownFileType = sourcecode.swift; path = "Extension+ReusableView.swift"; sourceTree = "<group>"; };
		1191AE3826EF264D001AD855 /* SaveWeatherTableViewCell.swift */ = {isa = PBXFileReference; lastKnownFileType = sourcecode.swift; path = SaveWeatherTableViewCell.swift; sourceTree = "<group>"; };
		1191AE3926EF264D001AD855 /* SaveWeatherTableViewCell.xib */ = {isa = PBXFileReference; lastKnownFileType = file.xib; path = SaveWeatherTableViewCell.xib; sourceTree = "<group>"; };
		1191AE3E26EF45A4001AD855 /* NotificationLocal.swift */ = {isa = PBXFileReference; lastKnownFileType = sourcecode.swift; path = NotificationLocal.swift; sourceTree = "<group>"; };
		11B1B89626E8A02200B5B314 /* SettingTempTableViewCell.swift */ = {isa = PBXFileReference; lastKnownFileType = sourcecode.swift; path = SettingTempTableViewCell.swift; sourceTree = "<group>"; };
		11B1B89726E8A02200B5B314 /* SettingTempTableViewCell.xib */ = {isa = PBXFileReference; lastKnownFileType = file.xib; path = SettingTempTableViewCell.xib; sourceTree = "<group>"; };
		11B1B8D526E99C8C00B5B314 /* Extension+UILabel.swift */ = {isa = PBXFileReference; lastKnownFileType = sourcecode.swift; path = "Extension+UILabel.swift"; sourceTree = "<group>"; };
		11B1B8DA26E9A80100B5B314 /* DetailWeatherTableViewCell.swift */ = {isa = PBXFileReference; lastKnownFileType = sourcecode.swift; path = DetailWeatherTableViewCell.swift; sourceTree = "<group>"; };
		11B1B8DB26E9A80100B5B314 /* DetailWeatherTableViewCell.xib */ = {isa = PBXFileReference; lastKnownFileType = file.xib; path = DetailWeatherTableViewCell.xib; sourceTree = "<group>"; };
		11B1B8FD26E9F28E00B5B314 /* WeatherEntity.swift */ = {isa = PBXFileReference; lastKnownFileType = sourcecode.swift; path = WeatherEntity.swift; sourceTree = "<group>"; };
		11B1B90126E9F62700B5B314 /* WeatherManager.swift */ = {isa = PBXFileReference; lastKnownFileType = sourcecode.swift; path = WeatherManager.swift; sourceTree = "<group>"; };
		11B1B90426E9F67800B5B314 /* WeatherRepository.swift */ = {isa = PBXFileReference; lastKnownFileType = sourcecode.swift; path = WeatherRepository.swift; sourceTree = "<group>"; };
		11B1B90826E9FD8100B5B314 /* DataDetailWeatherCD+CoreDataClass.swift */ = {isa = PBXFileReference; lastKnownFileType = sourcecode.swift; path = "DataDetailWeatherCD+CoreDataClass.swift"; sourceTree = "<group>"; };
		11B1B90926E9FD8100B5B314 /* DataDetailWeatherCD+CoreDataProperties.swift */ = {isa = PBXFileReference; lastKnownFileType = sourcecode.swift; path = "DataDetailWeatherCD+CoreDataProperties.swift"; sourceTree = "<group>"; };
/* End PBXFileReference section */

/* Begin PBXFrameworksBuildPhase section */
		114D854026D8D5C400BAA29F /* Frameworks */ = {
			isa = PBXFrameworksBuildPhase;
			buildActionMask = 2147483647;
			files = (
			);
			runOnlyForDeploymentPostprocessing = 0;
		};
/* End PBXFrameworksBuildPhase section */

/* Begin PBXGroup section */
		1125653826DC669B008696AD /* NetWork */ = {
			isa = PBXGroup;
			children = (
				1125654426DC6766008696AD /* Covid 19 */,
				1125654126DC6749008696AD /* Weather Forecast */,
				1125658426DC8589008696AD /* ErrorNetwork.swift */,
			);
			path = NetWork;
			sourceTree = "<group>";
		};
		1125653926DC66C3008696AD /* Model */ = {
			isa = PBXGroup;
			children = (
				1191AE3D26EF4592001AD855 /* Save */,
				112565BA26DCDE16008696AD /* APIKey */,
				1125654026DC6746008696AD /* Weather Forecast */,
				1125654326DC6757008696AD /* Covid 19 */,
				1125654D26DC6D26008696AD /* Database */,
				1125659726DC9076008696AD /* City World */,
				117AA8FB26E4D70200CD9DD8 /* ReusableView.swift */,
			);
			path = Model;
			sourceTree = "<group>";
		};
		1125653A26DC66CE008696AD /* View */ = {
			isa = PBXGroup;
			children = (
				1191AE3726EF2609001AD855 /* Save */,
				1125654226DC6750008696AD /* Covid19 */,
				1125653F26DC6736008696AD /* Weather Forecast */,
			);
			path = View;
			sourceTree = "<group>";
		};
		1125653B26DC66D6008696AD /* Controller */ = {
			isa = PBXGroup;
			children = (
				1125653E26DC6706008696AD /* Save */,
				1125653D26DC66FC008696AD /* Covid 19 */,
				1125653C26DC66E2008696AD /* Weather Forecast */,
			);
			path = Controller;
			sourceTree = "<group>";
		};
		1125653C26DC66E2008696AD /* Weather Forecast */ = {
			isa = PBXGroup;
			children = (
				1125654926DC698D008696AD /* WeatherViewController.swift */,
				115AF5BA26DF3346007B3AF3 /* SettingTempViewController.swift */,
				115AF5BD26DF3364007B3AF3 /* SearchCityViewController.swift */,
				115AF5C026DF344E007B3AF3 /* DetailWeatherViewController.swift */,
			);
			path = "Weather Forecast";
			sourceTree = "<group>";
		};
		1125653D26DC66FC008696AD /* Covid 19 */ = {
			isa = PBXGroup;
			children = (
				114D854A26D8D5C400BAA29F /* Covid19ViewController.swift */,
			);
			path = "Covid 19";
			sourceTree = "<group>";
		};
		1125653E26DC6706008696AD /* Save */ = {
			isa = PBXGroup;
			children = (
				1125654626DC694B008696AD /* SaveViewController.swift */,
			);
			path = Save;
			sourceTree = "<group>";
		};
		1125653F26DC6736008696AD /* Weather Forecast */ = {
			isa = PBXGroup;
			children = (
				11B1B8D926E9A7CD00B5B314 /* DetailWeather */,
				11B1B89526E89FFF00B5B314 /* SettingTemp */,
				115AF5B126DF1B73007B3AF3 /* SevenDaysWeatherTableViewCell.swift */,
			);
			path = "Weather Forecast";
			sourceTree = "<group>";
		};
		1125654026DC6746008696AD /* Weather Forecast */ = {
			isa = PBXGroup;
			children = (
				1125658F26DC8B9F008696AD /* Detail Weather */,
				1125658726DC8640008696AD /* 7 Days Weather */,
				1125657326DC82E6008696AD /* Current Weather */,
			);
			path = "Weather Forecast";
			sourceTree = "<group>";
		};
		1125654126DC6749008696AD /* Weather Forecast */ = {
			isa = PBXGroup;
			children = (
				115AF5A326DDEFD6007B3AF3 /* WeatherAPIService+Extension */,
				1125656126DC7FB9008696AD /* WeatherNetWork.swift */,
				1125656426DC7FD1008696AD /* WeatherAPIService.swift */,
			);
			path = "Weather Forecast";
			sourceTree = "<group>";
		};
		1125654226DC6750008696AD /* Covid19 */ = {
			isa = PBXGroup;
			children = (
			);
			path = Covid19;
			sourceTree = "<group>";
		};
		1125654326DC6757008696AD /* Covid 19 */ = {
			isa = PBXGroup;
			children = (
				112565A326DC9250008696AD /* GlobalCovid */,
				112565A226DC9240008696AD /* CountryCovid */,
			);
			path = "Covid 19";
			sourceTree = "<group>";
		};
		1125654426DC6766008696AD /* Covid 19 */ = {
			isa = PBXGroup;
			children = (
				115AF59426DDE6F2007B3AF3 /* Covid19APIService+Extension */,
				1125656A26DC7FFA008696AD /* Covid19Network.swift */,
				1125657026DC801F008696AD /* Covid19APIService.swift */,
			);
			path = "Covid 19";
			sourceTree = "<group>";
		};
		1125654D26DC6D26008696AD /* Database */ = {
			isa = PBXGroup;
			children = (
				11B1B90826E9FD8100B5B314 /* DataDetailWeatherCD+CoreDataClass.swift */,
				11B1B90926E9FD8100B5B314 /* DataDetailWeatherCD+CoreDataProperties.swift */,
				1125654E26DC6D4D008696AD /* CoreDataSupportFiles */,
				11B1B8FD26E9F28E00B5B314 /* WeatherEntity.swift */,
				11B1B90126E9F62700B5B314 /* WeatherManager.swift */,
				11B1B90426E9F67800B5B314 /* WeatherRepository.swift */,
			);
			path = Database;
			sourceTree = "<group>";
		};
		1125654E26DC6D4D008696AD /* CoreDataSupportFiles */ = {
			isa = PBXGroup;
			children = (
				1125654F26DC6D85008696AD /* PersistentStorage.swift */,
			);
			path = CoreDataSupportFiles;
			sourceTree = "<group>";
		};
		1125657326DC82E6008696AD /* Current Weather */ = {
			isa = PBXGroup;
			children = (
				1125657426DC8338008696AD /* CurrentWeather.swift */,
				1125657826DC842A008696AD /* Weather.swift */,
				1125657B26DC8496008696AD /* MainWeather.swift */,
				1125657E26DC84B1008696AD /* WindWeather.swift */,
			);
			path = "Current Weather";
			sourceTree = "<group>";
		};
		1125658726DC8640008696AD /* 7 Days Weather */ = {
			isa = PBXGroup;
			children = (
				1125658826DC8915008696AD /* SevenDaysWeather.swift */,
				1125658B26DC8A50008696AD /* Data7DaysWeather.swift */,
			);
			path = "7 Days Weather";
			sourceTree = "<group>";
		};
		1125658F26DC8B9F008696AD /* Detail Weather */ = {
			isa = PBXGroup;
			children = (
				1125659026DC8CD2008696AD /* DataDetailWeather.swift */,
				1125659426DC8CF1008696AD /* DetailWeather.swift */,
			);
			path = "Detail Weather";
			sourceTree = "<group>";
		};
		1125659726DC9076008696AD /* City World */ = {
			isa = PBXGroup;
			children = (
				1125659826DC908A008696AD /* CityWorld.swift */,
				1125659C26DC90B9008696AD /* ReadDateCityFromFileCSV.swift */,
			);
			path = "City World";
			sourceTree = "<group>";
		};
		112565A226DC9240008696AD /* CountryCovid */ = {
			isa = PBXGroup;
			children = (
				112565A426DC926C008696AD /* Country.swift */,
				112565A826DC92B5008696AD /* CountryCovid.swift */,
			);
			path = CountryCovid;
			sourceTree = "<group>";
		};
		112565A326DC9250008696AD /* GlobalCovid */ = {
			isa = PBXGroup;
			children = (
				112565AD26DC92FC008696AD /* Global.swift */,
				112565B026DC931C008696AD /* GlobalCovid.swift */,
			);
			path = GlobalCovid;
			sourceTree = "<group>";
		};
		112565BA26DCDE16008696AD /* APIKey */ = {
			isa = PBXGroup;
			children = (
				112565BB26DCDE32008696AD /* ReadAPIKey.swift */,
				112565C026DCE06B008696AD /* APIKey.swift */,
			);
			path = APIKey;
			sourceTree = "<group>";
		};
		114D853A26D8D5C400BAA29F = {
			isa = PBXGroup;
			children = (
				114D854526D8D5C400BAA29F /* NTC-Weather-Forecast-COVID-19 */,
				114D854426D8D5C400BAA29F /* Products */,
			);
			sourceTree = "<group>";
		};
		114D854426D8D5C400BAA29F /* Products */ = {
			isa = PBXGroup;
			children = (
				114D854326D8D5C400BAA29F /* NTC-Weather-Forecast-COVID-19.app */,
			);
			name = Products;
			sourceTree = "<group>";
		};
		114D854526D8D5C400BAA29F /* NTC-Weather-Forecast-COVID-19 */ = {
			isa = PBXGroup;
			children = (
				11B1B88F26E8571900B5B314 /* Utils */,
				115AF5B626DF28F5007B3AF3 /* Extension */,
				1125653B26DC66D6008696AD /* Controller */,
				1125653A26DC66CE008696AD /* View */,
				1125653926DC66C3008696AD /* Model */,
				1125653826DC669B008696AD /* NetWork */,
				114D854626D8D5C400BAA29F /* AppDelegate.swift */,
				114D854826D8D5C400BAA29F /* SceneDelegate.swift */,
				114D854C26D8D5C400BAA29F /* Main.storyboard */,
				114D855226D8D5C700BAA29F /* Assets.xcassets */,
				114D855426D8D5C700BAA29F /* LaunchScreen.storyboard */,
				114D855726D8D5C700BAA29F /* Info.plist */,
				1125659F26DC9169008696AD /* city.csv */,
				112565B726DCDD13008696AD /* Key.csv */,
				114D854F26D8D5C400BAA29F /* NTC_Weather_Forecast_COVID_19.xcdatamodeld */,
			);
			path = "NTC-Weather-Forecast-COVID-19";
			sourceTree = "<group>";
		};
		115AF59426DDE6F2007B3AF3 /* Covid19APIService+Extension */ = {
			isa = PBXGroup;
			children = (
				115AF59926DDE876007B3AF3 /* Covid19APIService+getgetGlobalCovid.swift */,
				115AF59526DDE78C007B3AF3 /* Covid19APIService+getListCountry.swift */,
				115AF59D26DDE967007B3AF3 /* Covid19APIService+getCountryCovid.swift */,
			);
			path = "Covid19APIService+Extension";
			sourceTree = "<group>";
		};
		115AF5A326DDEFD6007B3AF3 /* WeatherAPIService+Extension */ = {
			isa = PBXGroup;
			children = (
				115AF5A426DDF002007B3AF3 /* WeatherAPIService+getCurrentWeatherByLocate.swift */,
				115AF5A826DDF039007B3AF3 /* WeatherAPIService+get7DaysWeather.swift */,
				115AF5AB26DDF0D9007B3AF3 /* WeatherAPIService+getDetailWeather.swift */,
			);
			path = "WeatherAPIService+Extension";
			sourceTree = "<group>";
		};
		115AF5B626DF28F5007B3AF3 /* Extension */ = {
			isa = PBXGroup;
			children = (
				115AF5B726DF291E007B3AF3 /* Extension+UiImageView.swift */,
				117AA8F426E0E34700CD9DD8 /* Extension+DateFormatter.swift */,
				117AA8F826E0EA2E00CD9DD8 /* Extension+UIAlertController.swift */,
				117AA8FE26E4D7BD00CD9DD8 /* Extension+ReusableView.swift */,
				114AF9FF26E7071A005A983F /* Extension+UIViewController.swift */,
				11B1B8D526E99C8C00B5B314 /* Extension+UILabel.swift */,
			);
			path = Extension;
			sourceTree = "<group>";
		};
		1191AE3726EF2609001AD855 /* Save */ = {
			isa = PBXGroup;
			children = (
				1191AE3826EF264D001AD855 /* SaveWeatherTableViewCell.swift */,
				1191AE3926EF264D001AD855 /* SaveWeatherTableViewCell.xib */,
			);
			path = Save;
			sourceTree = "<group>";
		};
		1191AE3D26EF4592001AD855 /* Save */ = {
			isa = PBXGroup;
			children = (
				1191AE3E26EF45A4001AD855 /* NotificationLocal.swift */,
			);
			path = Save;
			sourceTree = "<group>";
		};
		11B1B88F26E8571900B5B314 /* Utils */ = {
			isa = PBXGroup;
			children = (
				114AFA3B26E74E7D005A983F /* SettingTemp.swift */,
			);
			path = Utils;
			sourceTree = "<group>";
		};
		11B1B89526E89FFF00B5B314 /* SettingTemp */ = {
			isa = PBXGroup;
			children = (
				11B1B89626E8A02200B5B314 /* SettingTempTableViewCell.swift */,
				11B1B89726E8A02200B5B314 /* SettingTempTableViewCell.xib */,
			);
			path = SettingTemp;
			sourceTree = "<group>";
		};
		11B1B8D926E9A7CD00B5B314 /* DetailWeather */ = {
			isa = PBXGroup;
			children = (
				11B1B8DA26E9A80100B5B314 /* DetailWeatherTableViewCell.swift */,
				11B1B8DB26E9A80100B5B314 /* DetailWeatherTableViewCell.xib */,
			);
			path = DetailWeather;
			sourceTree = "<group>";
		};
/* End PBXGroup section */

/* Begin PBXNativeTarget section */
		114D854226D8D5C400BAA29F /* NTC-Weather-Forecast-COVID-19 */ = {
			isa = PBXNativeTarget;
			buildConfigurationList = 114D855A26D8D5C700BAA29F /* Build configuration list for PBXNativeTarget "NTC-Weather-Forecast-COVID-19" */;
			buildPhases = (
				114D856026D8D78600BAA29F /* ShellScript */,
				114D853F26D8D5C400BAA29F /* Sources */,
				114D854026D8D5C400BAA29F /* Frameworks */,
				114D854126D8D5C400BAA29F /* Resources */,
			);
			buildRules = (
			);
			dependencies = (
			);
			name = "NTC-Weather-Forecast-COVID-19";
			productName = "NTC-Weather-Forecast-COVID-19";
			productReference = 114D854326D8D5C400BAA29F /* NTC-Weather-Forecast-COVID-19.app */;
			productType = "com.apple.product-type.application";
		};
/* End PBXNativeTarget section */

/* Begin PBXProject section */
		114D853B26D8D5C400BAA29F /* Project object */ = {
			isa = PBXProject;
			attributes = {
				LastSwiftUpdateCheck = 1230;
				LastUpgradeCheck = 1230;
				TargetAttributes = {
					114D854226D8D5C400BAA29F = {
						CreatedOnToolsVersion = 12.3;
					};
				};
			};
			buildConfigurationList = 114D853E26D8D5C400BAA29F /* Build configuration list for PBXProject "NTC-Weather-Forecast-COVID-19" */;
			compatibilityVersion = "Xcode 9.3";
			developmentRegion = en;
			hasScannedForEncodings = 0;
			knownRegions = (
				en,
				Base,
			);
			mainGroup = 114D853A26D8D5C400BAA29F;
			productRefGroup = 114D854426D8D5C400BAA29F /* Products */;
			projectDirPath = "";
			projectRoot = "";
			targets = (
				114D854226D8D5C400BAA29F /* NTC-Weather-Forecast-COVID-19 */,
			);
		};
/* End PBXProject section */

/* Begin PBXResourcesBuildPhase section */
		114D854126D8D5C400BAA29F /* Resources */ = {
			isa = PBXResourcesBuildPhase;
			buildActionMask = 2147483647;
			files = (
				112565B826DCDD13008696AD /* Key.csv in Resources */,
				114D855626D8D5C700BAA29F /* LaunchScreen.storyboard in Resources */,
				11B1B89926E8A02200B5B314 /* SettingTempTableViewCell.xib in Resources */,
				114D855326D8D5C700BAA29F /* Assets.xcassets in Resources */,
				114D854E26D8D5C400BAA29F /* Main.storyboard in Resources */,
				112565A026DC9169008696AD /* city.csv in Resources */,
				11B1B8DD26E9A80100B5B314 /* DetailWeatherTableViewCell.xib in Resources */,
				1191AE3B26EF264D001AD855 /* SaveWeatherTableViewCell.xib in Resources */,
			);
			runOnlyForDeploymentPostprocessing = 0;
		};
/* End PBXResourcesBuildPhase section */

/* Begin PBXShellScriptBuildPhase section */
		114D856026D8D78600BAA29F /* ShellScript */ = {
			isa = PBXShellScriptBuildPhase;
			buildActionMask = 2147483647;
			files = (
			);
			inputFileListPaths = (
			);
			inputPaths = (
			);
			outputFileListPaths = (
			);
			outputPaths = (
			);
			runOnlyForDeploymentPostprocessing = 0;
			shellPath = /bin/sh;
			shellScript = "# Type a script or drag a script file from your workspace to insert its path.\nif which swiftlint >/dev/null; then\n  swiftlint\nelse\n  echo \"warning: SwiftLint not installed, download from https://github.com/realm/SwiftLint\"\nfi\n";
		};
/* End PBXShellScriptBuildPhase section */

/* Begin PBXSourcesBuildPhase section */
		114D853F26D8D5C400BAA29F /* Sources */ = {
			isa = PBXSourcesBuildPhase;
			buildActionMask = 2147483647;
			files = (
				115AF59E26DDE967007B3AF3 /* Covid19APIService+getCountryCovid.swift in Sources */,
				114D854B26D8D5C400BAA29F /* Covid19ViewController.swift in Sources */,
				11B1B8DC26E9A80100B5B314 /* DetailWeatherTableViewCell.swift in Sources */,
				1125656226DC7FB9008696AD /* WeatherNetWork.swift in Sources */,
				1125656B26DC7FFA008696AD /* Covid19Network.swift in Sources */,
				114D855126D8D5C400BAA29F /* NTC_Weather_Forecast_COVID_19.xcdatamodeld in Sources */,
				112565C126DCE06B008696AD /* APIKey.swift in Sources */,
				112565A526DC926C008696AD /* Country.swift in Sources */,
				1125657926DC842A008696AD /* Weather.swift in Sources */,
				114AFA0026E7071A005A983F /* Extension+UIViewController.swift in Sources */,
				1125659526DC8CF1008696AD /* DetailWeather.swift in Sources */,
				115AF5C126DF344E007B3AF3 /* DetailWeatherViewController.swift in Sources */,
				1125654726DC694B008696AD /* SaveViewController.swift in Sources */,
				1125657F26DC84B1008696AD /* WindWeather.swift in Sources */,
				114D854726D8D5C400BAA29F /* AppDelegate.swift in Sources */,
				115AF59A26DDE876007B3AF3 /* Covid19APIService+getgetGlobalCovid.swift in Sources */,
				114D854926D8D5C400BAA29F /* SceneDelegate.swift in Sources */,
				1125658526DC8589008696AD /* ErrorNetwork.swift in Sources */,
				1125656526DC7FD1008696AD /* WeatherAPIService.swift in Sources */,
				1191AE3A26EF264D001AD855 /* SaveWeatherTableViewCell.swift in Sources */,
				1125658926DC8915008696AD /* SevenDaysWeather.swift in Sources */,
				1125658C26DC8A50008696AD /* Data7DaysWeather.swift in Sources */,
				115AF5B826DF291E007B3AF3 /* Extension+UiImageView.swift in Sources */,
				1125657C26DC8496008696AD /* MainWeather.swift in Sources */,
				115AF5B226DF1B73007B3AF3 /* SevenDaysWeatherTableViewCell.swift in Sources */,
				11B1B8D626E99C8C00B5B314 /* Extension+UILabel.swift in Sources */,
				114AFA3C26E74E7D005A983F /* SettingTemp.swift in Sources */,
				11B1B90A26E9FD8100B5B314 /* DataDetailWeatherCD+CoreDataClass.swift in Sources */,
				1125654A26DC698D008696AD /* WeatherViewController.swift in Sources */,
				112565B126DC931C008696AD /* GlobalCovid.swift in Sources */,
				117AA8FF26E4D7BD00CD9DD8 /* Extension+ReusableView.swift in Sources */,
				112565BC26DCDE32008696AD /* ReadAPIKey.swift in Sources */,
				1191AE3F26EF45A4001AD855 /* NotificationLocal.swift in Sources */,
				11B1B90526E9F67800B5B314 /* WeatherRepository.swift in Sources */,
				1125659D26DC90B9008696AD /* ReadDateCityFromFileCSV.swift in Sources */,
				11B1B8FE26E9F28E00B5B314 /* WeatherEntity.swift in Sources */,
				1125657526DC8338008696AD /* CurrentWeather.swift in Sources */,
				115AF5AC26DDF0D9007B3AF3 /* WeatherAPIService+getDetailWeather.swift in Sources */,
				112565AE26DC92FC008696AD /* Global.swift in Sources */,
				11B1B90B26E9FD8100B5B314 /* DataDetailWeatherCD+CoreDataProperties.swift in Sources */,
				11B1B89826E8A02200B5B314 /* SettingTempTableViewCell.swift in Sources */,
				117AA8F526E0E34700CD9DD8 /* Extension+DateFormatter.swift in Sources */,
				1125659926DC908A008696AD /* CityWorld.swift in Sources */,
				1125655026DC6D85008696AD /* PersistentStorage.swift in Sources */,
				1125659126DC8CD2008696AD /* DataDetailWeather.swift in Sources */,
				117AA8FC26E4D70200CD9DD8 /* ReusableView.swift in Sources */,
				115AF5A526DDF002007B3AF3 /* WeatherAPIService+getCurrentWeatherByLocate.swift in Sources */,
				115AF5A926DDF039007B3AF3 /* WeatherAPIService+get7DaysWeather.swift in Sources */,
				115AF5BE26DF3364007B3AF3 /* SearchCityViewController.swift in Sources */,
				117AA8F926E0EA2E00CD9DD8 /* Extension+UIAlertController.swift in Sources */,
				115AF59626DDE78C007B3AF3 /* Covid19APIService+getListCountry.swift in Sources */,
				1125657126DC801F008696AD /* Covid19APIService.swift in Sources */,
				112565A926DC92B5008696AD /* CountryCovid.swift in Sources */,
				11B1B90226E9F62700B5B314 /* WeatherManager.swift in Sources */,
				115AF5BB26DF3346007B3AF3 /* SettingTempViewController.swift in Sources */,
			);
			runOnlyForDeploymentPostprocessing = 0;
		};
/* End PBXSourcesBuildPhase section */

/* Begin PBXVariantGroup section */
		114D854C26D8D5C400BAA29F /* Main.storyboard */ = {
			isa = PBXVariantGroup;
			children = (
				114D854D26D8D5C400BAA29F /* Base */,
			);
			name = Main.storyboard;
			sourceTree = "<group>";
		};
		114D855426D8D5C700BAA29F /* LaunchScreen.storyboard */ = {
			isa = PBXVariantGroup;
			children = (
				114D855526D8D5C700BAA29F /* Base */,
			);
			name = LaunchScreen.storyboard;
			sourceTree = "<group>";
		};
/* End PBXVariantGroup section */

/* Begin XCBuildConfiguration section */
		114D855826D8D5C700BAA29F /* Debug */ = {
			isa = XCBuildConfiguration;
			buildSettings = {
				ALWAYS_SEARCH_USER_PATHS = NO;
				CLANG_ANALYZER_NONNULL = YES;
				CLANG_ANALYZER_NUMBER_OBJECT_CONVERSION = YES_AGGRESSIVE;
				CLANG_CXX_LANGUAGE_STANDARD = "gnu++14";
				CLANG_CXX_LIBRARY = "libc++";
				CLANG_ENABLE_MODULES = YES;
				CLANG_ENABLE_OBJC_ARC = YES;
				CLANG_ENABLE_OBJC_WEAK = YES;
				CLANG_WARN_BLOCK_CAPTURE_AUTORELEASING = YES;
				CLANG_WARN_BOOL_CONVERSION = YES;
				CLANG_WARN_COMMA = YES;
				CLANG_WARN_CONSTANT_CONVERSION = YES;
				CLANG_WARN_DEPRECATED_OBJC_IMPLEMENTATIONS = YES;
				CLANG_WARN_DIRECT_OBJC_ISA_USAGE = YES_ERROR;
				CLANG_WARN_DOCUMENTATION_COMMENTS = YES;
				CLANG_WARN_EMPTY_BODY = YES;
				CLANG_WARN_ENUM_CONVERSION = YES;
				CLANG_WARN_INFINITE_RECURSION = YES;
				CLANG_WARN_INT_CONVERSION = YES;
				CLANG_WARN_NON_LITERAL_NULL_CONVERSION = YES;
				CLANG_WARN_OBJC_IMPLICIT_RETAIN_SELF = YES;
				CLANG_WARN_OBJC_LITERAL_CONVERSION = YES;
				CLANG_WARN_OBJC_ROOT_CLASS = YES_ERROR;
				CLANG_WARN_QUOTED_INCLUDE_IN_FRAMEWORK_HEADER = YES;
				CLANG_WARN_RANGE_LOOP_ANALYSIS = YES;
				CLANG_WARN_STRICT_PROTOTYPES = YES;
				CLANG_WARN_SUSPICIOUS_MOVE = YES;
				CLANG_WARN_UNGUARDED_AVAILABILITY = YES_AGGRESSIVE;
				CLANG_WARN_UNREACHABLE_CODE = YES;
				CLANG_WARN__DUPLICATE_METHOD_MATCH = YES;
				COPY_PHASE_STRIP = NO;
				DEBUG_INFORMATION_FORMAT = dwarf;
				ENABLE_STRICT_OBJC_MSGSEND = YES;
				ENABLE_TESTABILITY = YES;
				GCC_C_LANGUAGE_STANDARD = gnu11;
				GCC_DYNAMIC_NO_PIC = NO;
				GCC_NO_COMMON_BLOCKS = YES;
				GCC_OPTIMIZATION_LEVEL = 0;
				GCC_PREPROCESSOR_DEFINITIONS = (
					"DEBUG=1",
					"$(inherited)",
				);
				GCC_WARN_64_TO_32_BIT_CONVERSION = YES;
				GCC_WARN_ABOUT_RETURN_TYPE = YES_ERROR;
				GCC_WARN_UNDECLARED_SELECTOR = YES;
				GCC_WARN_UNINITIALIZED_AUTOS = YES_AGGRESSIVE;
				GCC_WARN_UNUSED_FUNCTION = YES;
				GCC_WARN_UNUSED_VARIABLE = YES;
				IPHONEOS_DEPLOYMENT_TARGET = 14.3;
				MTL_ENABLE_DEBUG_INFO = INCLUDE_SOURCE;
				MTL_FAST_MATH = YES;
				ONLY_ACTIVE_ARCH = YES;
				SDKROOT = iphoneos;
				SWIFT_ACTIVE_COMPILATION_CONDITIONS = DEBUG;
				SWIFT_OPTIMIZATION_LEVEL = "-Onone";
			};
			name = Debug;
		};
		114D855926D8D5C700BAA29F /* Release */ = {
			isa = XCBuildConfiguration;
			buildSettings = {
				ALWAYS_SEARCH_USER_PATHS = NO;
				CLANG_ANALYZER_NONNULL = YES;
				CLANG_ANALYZER_NUMBER_OBJECT_CONVERSION = YES_AGGRESSIVE;
				CLANG_CXX_LANGUAGE_STANDARD = "gnu++14";
				CLANG_CXX_LIBRARY = "libc++";
				CLANG_ENABLE_MODULES = YES;
				CLANG_ENABLE_OBJC_ARC = YES;
				CLANG_ENABLE_OBJC_WEAK = YES;
				CLANG_WARN_BLOCK_CAPTURE_AUTORELEASING = YES;
				CLANG_WARN_BOOL_CONVERSION = YES;
				CLANG_WARN_COMMA = YES;
				CLANG_WARN_CONSTANT_CONVERSION = YES;
				CLANG_WARN_DEPRECATED_OBJC_IMPLEMENTATIONS = YES;
				CLANG_WARN_DIRECT_OBJC_ISA_USAGE = YES_ERROR;
				CLANG_WARN_DOCUMENTATION_COMMENTS = YES;
				CLANG_WARN_EMPTY_BODY = YES;
				CLANG_WARN_ENUM_CONVERSION = YES;
				CLANG_WARN_INFINITE_RECURSION = YES;
				CLANG_WARN_INT_CONVERSION = YES;
				CLANG_WARN_NON_LITERAL_NULL_CONVERSION = YES;
				CLANG_WARN_OBJC_IMPLICIT_RETAIN_SELF = YES;
				CLANG_WARN_OBJC_LITERAL_CONVERSION = YES;
				CLANG_WARN_OBJC_ROOT_CLASS = YES_ERROR;
				CLANG_WARN_QUOTED_INCLUDE_IN_FRAMEWORK_HEADER = YES;
				CLANG_WARN_RANGE_LOOP_ANALYSIS = YES;
				CLANG_WARN_STRICT_PROTOTYPES = YES;
				CLANG_WARN_SUSPICIOUS_MOVE = YES;
				CLANG_WARN_UNGUARDED_AVAILABILITY = YES_AGGRESSIVE;
				CLANG_WARN_UNREACHABLE_CODE = YES;
				CLANG_WARN__DUPLICATE_METHOD_MATCH = YES;
				COPY_PHASE_STRIP = NO;
				DEBUG_INFORMATION_FORMAT = "dwarf-with-dsym";
				ENABLE_NS_ASSERTIONS = NO;
				ENABLE_STRICT_OBJC_MSGSEND = YES;
				GCC_C_LANGUAGE_STANDARD = gnu11;
				GCC_NO_COMMON_BLOCKS = YES;
				GCC_WARN_64_TO_32_BIT_CONVERSION = YES;
				GCC_WARN_ABOUT_RETURN_TYPE = YES_ERROR;
				GCC_WARN_UNDECLARED_SELECTOR = YES;
				GCC_WARN_UNINITIALIZED_AUTOS = YES_AGGRESSIVE;
				GCC_WARN_UNUSED_FUNCTION = YES;
				GCC_WARN_UNUSED_VARIABLE = YES;
				IPHONEOS_DEPLOYMENT_TARGET = 14.3;
				MTL_ENABLE_DEBUG_INFO = NO;
				MTL_FAST_MATH = YES;
				SDKROOT = iphoneos;
				SWIFT_COMPILATION_MODE = wholemodule;
				SWIFT_OPTIMIZATION_LEVEL = "-O";
				VALIDATE_PRODUCT = YES;
			};
			name = Release;
		};
		114D855B26D8D5C700BAA29F /* Debug */ = {
			isa = XCBuildConfiguration;
			buildSettings = {
				ASSETCATALOG_COMPILER_APPICON_NAME = AppIcon;
				ASSETCATALOG_COMPILER_GLOBAL_ACCENT_COLOR_NAME = AccentColor;
				CODE_SIGN_STYLE = Automatic;
				INFOPLIST_FILE = "NTC-Weather-Forecast-COVID-19/Info.plist";
				LD_RUNPATH_SEARCH_PATHS = (
					"$(inherited)",
					"@executable_path/Frameworks",
				);
				PRODUCT_BUNDLE_IDENTIFIER = "j.NTC-Weather-Forecast-COVID-19";
				PRODUCT_NAME = "$(TARGET_NAME)";
				SWIFT_VERSION = 5.0;
				TARGETED_DEVICE_FAMILY = "1,2";
			};
			name = Debug;
		};
		114D855C26D8D5C700BAA29F /* Release */ = {
			isa = XCBuildConfiguration;
			buildSettings = {
				ASSETCATALOG_COMPILER_APPICON_NAME = AppIcon;
				ASSETCATALOG_COMPILER_GLOBAL_ACCENT_COLOR_NAME = AccentColor;
				CODE_SIGN_STYLE = Automatic;
				INFOPLIST_FILE = "NTC-Weather-Forecast-COVID-19/Info.plist";
				LD_RUNPATH_SEARCH_PATHS = (
					"$(inherited)",
					"@executable_path/Frameworks",
				);
				PRODUCT_BUNDLE_IDENTIFIER = "j.NTC-Weather-Forecast-COVID-19";
				PRODUCT_NAME = "$(TARGET_NAME)";
				SWIFT_VERSION = 5.0;
				TARGETED_DEVICE_FAMILY = "1,2";
			};
			name = Release;
		};
/* End XCBuildConfiguration section */

/* Begin XCConfigurationList section */
		114D853E26D8D5C400BAA29F /* Build configuration list for PBXProject "NTC-Weather-Forecast-COVID-19" */ = {
			isa = XCConfigurationList;
			buildConfigurations = (
				114D855826D8D5C700BAA29F /* Debug */,
				114D855926D8D5C700BAA29F /* Release */,
			);
			defaultConfigurationIsVisible = 0;
			defaultConfigurationName = Release;
		};
		114D855A26D8D5C700BAA29F /* Build configuration list for PBXNativeTarget "NTC-Weather-Forecast-COVID-19" */ = {
			isa = XCConfigurationList;
			buildConfigurations = (
				114D855B26D8D5C700BAA29F /* Debug */,
				114D855C26D8D5C700BAA29F /* Release */,
			);
			defaultConfigurationIsVisible = 0;
			defaultConfigurationName = Release;
		};
/* End XCConfigurationList section */

/* Begin XCVersionGroup section */
		114D854F26D8D5C400BAA29F /* NTC_Weather_Forecast_COVID_19.xcdatamodeld */ = {
			isa = XCVersionGroup;
			children = (
				114D855026D8D5C400BAA29F /* NTC_Weather_Forecast_COVID_19.xcdatamodel */,
			);
			currentVersion = 114D855026D8D5C400BAA29F /* NTC_Weather_Forecast_COVID_19.xcdatamodel */;
			path = NTC_Weather_Forecast_COVID_19.xcdatamodeld;
			sourceTree = "<group>";
			versionGroupType = wrapper.xcdatamodel;
		};
/* End XCVersionGroup section */
	};
	rootObject = 114D853B26D8D5C400BAA29F /* Project object */;
}
